
Microsoft Visual Studio Solution File, Format Version 12.00
# Visual Studio Version 17
VisualStudioVersion = 17.11.35327.3
MinimumVisualStudioVersion = 10.0.40219.1
Project("{FAE04EC0-301F-11D3-BF4B-00C04F79EFBC}") = "Quan_li_nha_hang", "Quan_li_nha_hang.csproj", "{072CD59F-6A6E-4E2A-BFFC-002E07F3555A}"
EndProject
Global
	GlobalSection(SolutionConfigurationPlatforms) = preSolution
		Debug|Any CPU = Debug|Any CPU
		Release|Any CPU = Release|Any CPU
	EndGlobalSection
	GlobalSection(ProjectConfigurationPlatforms) = postSolution
		{072CD59F-6A6E-4E2A-BFFC-002E07F3555A}.Debug|Any CPU.ActiveCfg = Debug|Any CPU
		{072CD59F-6A6E-4E2A-BFFC-002E07F3555A}.Debug|Any CPU.Build.0 = Debug|Any CPU
		{072CD59F-6A6E-4E2A-BFFC-002E07F3555A}.Release|Any CPU.ActiveCfg = Release|Any CPU
		{072CD59F-6A6E-4E2A-BFFC-002E07F3555A}.Release|Any CPU.Build.0 = Release|Any CPU
	EndGlobalSection
	GlobalSection(SolutionProperties) = preSolution
		HideSolutionNode = FALSE
	EndGlobalSection
	GlobalSection(ExtensibilityGlobals) = postSolution
		SolutionGuid = {0DD599D3-A300-47B0-BB0E-0E37E45EDE64}
	EndGlobalSection
EndGlobal
